
Microsoft Visual Studio Solution File, Format Version 12.00
# Visual Studio 15
VisualStudioVersion = 15.0.27428.2037
MinimumVisualStudioVersion = 10.0.40219.1
Project("{FAE04EC0-301F-11D3-BF4B-00C04F79EFBC}") = "BudgetExpenditure", "BudgetExpenditure\BudgetExpenditure.csproj", "{F647E931-C239-445F-AD90-2F4A8F5BBD33}"
EndProject
Project("{FAE04EC0-301F-11D3-BF4B-00C04F79EFBC}") = "ReportControl", "ReportControl\ReportControl.csproj", "{1D45D7C2-E985-4987-9FC5-1134A6D77558}"
EndProject
Global
	GlobalSection(SolutionConfigurationPlatforms) = preSolution
		Debug|Any CPU = Debug|Any CPU
		Release|Any CPU = Release|Any CPU
	EndGlobalSection
	GlobalSection(ProjectConfigurationPlatforms) = postSolution
		{F647E931-C239-445F-AD90-2F4A8F5BBD33}.Debug|Any CPU.ActiveCfg = Debug|Any CPU
		{F647E931-C239-445F-AD90-2F4A8F5BBD33}.Debug|Any CPU.Build.0 = Debug|Any CPU
		{F647E931-C239-445F-AD90-2F4A8F5BBD33}.Release|Any CPU.ActiveCfg = Release|Any CPU
		{F647E931-C239-445F-AD90-2F4A8F5BBD33}.Release|Any CPU.Build.0 = Release|Any CPU
		{1D45D7C2-E985-4987-9FC5-1134A6D77558}.Debug|Any CPU.ActiveCfg = Debug|Any CPU
		{1D45D7C2-E985-4987-9FC5-1134A6D77558}.Debug|Any CPU.Build.0 = Debug|Any CPU
		{1D45D7C2-E985-4987-9FC5-1134A6D77558}.Release|Any CPU.ActiveCfg = Release|Any CPU
		{1D45D7C2-E985-4987-9FC5-1134A6D77558}.Release|Any CPU.Build.0 = Release|Any CPU
	EndGlobalSection
	GlobalSection(SolutionProperties) = preSolution
		HideSolutionNode = FALSE
	EndGlobalSection
	GlobalSection(ExtensibilityGlobals) = postSolution
		SolutionGuid = {EC061714-093D-4623-8423-F0BB63C37B0F}
	EndGlobalSection
EndGlobal
